
Microsoft Visual Studio Solution File, Format Version 12.00
Project("{FAE04EC0-301F-11D3-BF4B-00C04F79EFBC}") = "ES.Vivify", "ES.Vivify\ES.Vivify.csproj", "{E8C164E5-6831-447F-AFED-BD132798C0BD}"
EndProject
Project("{FAE04EC0-301F-11D3-BF4B-00C04F79EFBC}") = "ES.Vivify.Test", "ES.Vivify.Test\ES.Vivify.Test.csproj", "{FFAD5554-B437-48B3-8160-4E4E80D21B17}"
EndProject
Global
	GlobalSection(SolutionConfigurationPlatforms) = preSolution
		Debug|Any CPU = Debug|Any CPU
		Release|Any CPU = Release|Any CPU
	EndGlobalSection
	GlobalSection(ProjectConfigurationPlatforms) = postSolution
		{E8C164E5-6831-447F-AFED-BD132798C0BD}.Debug|Any CPU.ActiveCfg = Debug|Any CPU
		{E8C164E5-6831-447F-AFED-BD132798C0BD}.Debug|Any CPU.Build.0 = Debug|Any CPU
		{E8C164E5-6831-447F-AFED-BD132798C0BD}.Release|Any CPU.ActiveCfg = Release|Any CPU
		{E8C164E5-6831-447F-AFED-BD132798C0BD}.Release|Any CPU.Build.0 = Release|Any CPU
		{FFAD5554-B437-48B3-8160-4E4E80D21B17}.Debug|Any CPU.ActiveCfg = Debug|Any CPU
		{FFAD5554-B437-48B3-8160-4E4E80D21B17}.Debug|Any CPU.Build.0 = Debug|Any CPU
		{FFAD5554-B437-48B3-8160-4E4E80D21B17}.Release|Any CPU.ActiveCfg = Release|Any CPU
		{FFAD5554-B437-48B3-8160-4E4E80D21B17}.Release|Any CPU.Build.0 = Release|Any CPU
	EndGlobalSection
EndGlobal
